// !$*UTF8*$!
{
	archiveVersion = 1;
	classes = {
	};
	objectVersion = 48;
	objects = {

/* Begin PBXBuildFile section */
		06AE82A05B1C8C95F1920AA6 /* Pods_example4PlzWorkUITests.framework in Frameworks */ = {isa = PBXBuildFile; fileRef = 084BF5DEBDE15613CD5017CE /* Pods_example4PlzWorkUITests.framework */; };
		7DEFC09B5D75C5978E01E38B /* Pods_example4PlzWork.framework in Frameworks */ = {isa = PBXBuildFile; fileRef = 5495526E4271B54A800138DE /* Pods_example4PlzWork.framework */; };
		858F47ED7B253B3FB45B3D68 /* Pods_example4PlzWorkTests.framework in Frameworks */ = {isa = PBXBuildFile; fileRef = F3AB90786C3D38E06A2220CD /* Pods_example4PlzWorkTests.framework */; };
		C2BAABE01F883C1B004F8A14 /* AppDelegate.swift in Sources */ = {isa = PBXBuildFile; fileRef = C2BAABDF1F883C1B004F8A14 /* AppDelegate.swift */; };
		C2BAABE21F883C1B004F8A14 /* ViewController.swift in Sources */ = {isa = PBXBuildFile; fileRef = C2BAABE11F883C1B004F8A14 /* ViewController.swift */; };
		C2BAABE51F883C1B004F8A14 /* Main.storyboard in Resources */ = {isa = PBXBuildFile; fileRef = C2BAABE31F883C1B004F8A14 /* Main.storyboard */; };
		C2BAABE81F883C1B004F8A14 /* example4PlzWork.xcdatamodeld in Sources */ = {isa = PBXBuildFile; fileRef = C2BAABE61F883C1B004F8A14 /* example4PlzWork.xcdatamodeld */; };
		C2BAABEA1F883C1B004F8A14 /* Assets.xcassets in Resources */ = {isa = PBXBuildFile; fileRef = C2BAABE91F883C1B004F8A14 /* Assets.xcassets */; };
		C2BAABED1F883C1B004F8A14 /* LaunchScreen.storyboard in Resources */ = {isa = PBXBuildFile; fileRef = C2BAABEB1F883C1B004F8A14 /* LaunchScreen.storyboard */; };
		C2BAABF81F883C1B004F8A14 /* example4PlzWorkTests.swift in Sources */ = {isa = PBXBuildFile; fileRef = C2BAABF71F883C1B004F8A14 /* example4PlzWorkTests.swift */; };
		C2BAAC031F883C1B004F8A14 /* example4PlzWorkUITests.swift in Sources */ = {isa = PBXBuildFile; fileRef = C2BAAC021F883C1B004F8A14 /* example4PlzWorkUITests.swift */; };
		C2BAAC121F885EA4004F8A14 /* GoogleService-Info.plist in Resources */ = {isa = PBXBuildFile; fileRef = C2BAAC111F885EA4004F8A14 /* GoogleService-Info.plist */; };
/* End PBXBuildFile section */

/* Begin PBXContainerItemProxy section */
		C2BAABF41F883C1B004F8A14 /* PBXContainerItemProxy */ = {
			isa = PBXContainerItemProxy;
			containerPortal = C2BAABD41F883C1B004F8A14 /* Project object */;
			proxyType = 1;
			remoteGlobalIDString = C2BAABDB1F883C1B004F8A14;
			remoteInfo = example4PlzWork;
		};
		C2BAABFF1F883C1B004F8A14 /* PBXContainerItemProxy */ = {
			isa = PBXContainerItemProxy;
			containerPortal = C2BAABD41F883C1B004F8A14 /* Project object */;
			proxyType = 1;
			remoteGlobalIDString = C2BAABDB1F883C1B004F8A14;
			remoteInfo = example4PlzWork;
		};
/* End PBXContainerItemProxy section */

/* Begin PBXFileReference section */
		048845FA35F922A6B2C8392C /* Pods-example4PlzWorkUITests.release.xcconfig */ = {isa = PBXFileReference; includeInIndex = 1; lastKnownFileType = text.xcconfig; name = "Pods-example4PlzWorkUITests.release.xcconfig"; path = "Pods/Target Support Files/Pods-example4PlzWorkUITests/Pods-example4PlzWorkUITests.release.xcconfig"; sourceTree = "<group>"; };
		084BF5DEBDE15613CD5017CE /* Pods_example4PlzWorkUITests.framework */ = {isa = PBXFileReference; explicitFileType = wrapper.framework; includeInIndex = 0; path = Pods_example4PlzWorkUITests.framework; sourceTree = BUILT_PRODUCTS_DIR; };
		4E8B9B1A5584A5940EEE5751 /* Pods-example4PlzWorkTests.debug.xcconfig */ = {isa = PBXFileReference; includeInIndex = 1; lastKnownFileType = text.xcconfig; name = "Pods-example4PlzWorkTests.debug.xcconfig"; path = "Pods/Target Support Files/Pods-example4PlzWorkTests/Pods-example4PlzWorkTests.debug.xcconfig"; sourceTree = "<group>"; };
		5495526E4271B54A800138DE /* Pods_example4PlzWork.framework */ = {isa = PBXFileReference; explicitFileType = wrapper.framework; includeInIndex = 0; path = Pods_example4PlzWork.framework; sourceTree = BUILT_PRODUCTS_DIR; };
		6C50CEEDB90652E32EAAB0A9 /* Pods-example4PlzWorkTests.release.xcconfig */ = {isa = PBXFileReference; includeInIndex = 1; lastKnownFileType = text.xcconfig; name = "Pods-example4PlzWorkTests.release.xcconfig"; path = "Pods/Target Support Files/Pods-example4PlzWorkTests/Pods-example4PlzWorkTests.release.xcconfig"; sourceTree = "<group>"; };
		90136900EFB4C77215B64106 /* Pods-example4PlzWork.debug.xcconfig */ = {isa = PBXFileReference; includeInIndex = 1; lastKnownFileType = text.xcconfig; name = "Pods-example4PlzWork.debug.xcconfig"; path = "Pods/Target Support Files/Pods-example4PlzWork/Pods-example4PlzWork.debug.xcconfig"; sourceTree = "<group>"; };
		C2BAABDC1F883C1B004F8A14 /* example4PlzWork.app */ = {isa = PBXFileReference; explicitFileType = wrapper.application; includeInIndex = 0; path = example4PlzWork.app; sourceTree = BUILT_PRODUCTS_DIR; };
		C2BAABDF1F883C1B004F8A14 /* AppDelegate.swift */ = {isa = PBXFileReference; lastKnownFileType = sourcecode.swift; path = AppDelegate.swift; sourceTree = "<group>"; };
		C2BAABE11F883C1B004F8A14 /* ViewController.swift */ = {isa = PBXFileReference; lastKnownFileType = sourcecode.swift; path = ViewController.swift; sourceTree = "<group>"; };
		C2BAABE41F883C1B004F8A14 /* Base */ = {isa = PBXFileReference; lastKnownFileType = file.storyboard; name = Base; path = Base.lproj/Main.storyboard; sourceTree = "<group>"; };
		C2BAABE71F883C1B004F8A14 /* example4PlzWork.xcdatamodel */ = {isa = PBXFileReference; lastKnownFileType = wrapper.xcdatamodel; path = example4PlzWork.xcdatamodel; sourceTree = "<group>"; };
		C2BAABE91F883C1B004F8A14 /* Assets.xcassets */ = {isa = PBXFileReference; lastKnownFileType = folder.assetcatalog; path = Assets.xcassets; sourceTree = "<group>"; };
		C2BAABEC1F883C1B004F8A14 /* Base */ = {isa = PBXFileReference; lastKnownFileType = file.storyboard; name = Base; path = Base.lproj/LaunchScreen.storyboard; sourceTree = "<group>"; };
		C2BAABEE1F883C1B004F8A14 /* Info.plist */ = {isa = PBXFileReference; lastKnownFileType = text.plist.xml; path = Info.plist; sourceTree = "<group>"; };
		C2BAABF31F883C1B004F8A14 /* example4PlzWorkTests.xctest */ = {isa = PBXFileReference; explicitFileType = wrapper.cfbundle; includeInIndex = 0; path = example4PlzWorkTests.xctest; sourceTree = BUILT_PRODUCTS_DIR; };
		C2BAABF71F883C1B004F8A14 /* example4PlzWorkTests.swift */ = {isa = PBXFileReference; lastKnownFileType = sourcecode.swift; path = example4PlzWorkTests.swift; sourceTree = "<group>"; };
		C2BAABF91F883C1B004F8A14 /* Info.plist */ = {isa = PBXFileReference; lastKnownFileType = text.plist.xml; path = Info.plist; sourceTree = "<group>"; };
		C2BAABFE1F883C1B004F8A14 /* example4PlzWorkUITests.xctest */ = {isa = PBXFileReference; explicitFileType = wrapper.cfbundle; includeInIndex = 0; path = example4PlzWorkUITests.xctest; sourceTree = BUILT_PRODUCTS_DIR; };
		C2BAAC021F883C1B004F8A14 /* example4PlzWorkUITests.swift */ = {isa = PBXFileReference; lastKnownFileType = sourcecode.swift; path = example4PlzWorkUITests.swift; sourceTree = "<group>"; };
		C2BAAC041F883C1B004F8A14 /* Info.plist */ = {isa = PBXFileReference; lastKnownFileType = text.plist.xml; path = Info.plist; sourceTree = "<group>"; };
		C2BAAC111F885EA4004F8A14 /* GoogleService-Info.plist */ = {isa = PBXFileReference; fileEncoding = 4; lastKnownFileType = text.plist.xml; path = "GoogleService-Info.plist"; sourceTree = "<group>"; };
		E9472B62CAF468861171B22B /* Pods-example4PlzWorkUITests.debug.xcconfig */ = {isa = PBXFileReference; includeInIndex = 1; lastKnownFileType = text.xcconfig; name = "Pods-example4PlzWorkUITests.debug.xcconfig"; path = "Pods/Target Support Files/Pods-example4PlzWorkUITests/Pods-example4PlzWorkUITests.debug.xcconfig"; sourceTree = "<group>"; };
		F3AB90786C3D38E06A2220CD /* Pods_example4PlzWorkTests.framework */ = {isa = PBXFileReference; explicitFileType = wrapper.framework; includeInIndex = 0; path = Pods_example4PlzWorkTests.framework; sourceTree = BUILT_PRODUCTS_DIR; };
		F6ECE140A89371AB7F2D53FA /* Pods-example4PlzWork.release.xcconfig */ = {isa = PBXFileReference; includeInIndex = 1; lastKnownFileType = text.xcconfig; name = "Pods-example4PlzWork.release.xcconfig"; path = "Pods/Target Support Files/Pods-example4PlzWork/Pods-example4PlzWork.release.xcconfig"; sourceTree = "<group>"; };
/* End PBXFileReference section */

/* Begin PBXFrameworksBuildPhase section */
		C2BAABD91F883C1B004F8A14 /* Frameworks */ = {
			isa = PBXFrameworksBuildPhase;
			buildActionMask = 2147483647;
			files = (
				7DEFC09B5D75C5978E01E38B /* Pods_example4PlzWork.framework in Frameworks */,
			);
			runOnlyForDeploymentPostprocessing = 0;
		};
		C2BAABF01F883C1B004F8A14 /* Frameworks */ = {
			isa = PBXFrameworksBuildPhase;
			buildActionMask = 2147483647;
			files = (
				858F47ED7B253B3FB45B3D68 /* Pods_example4PlzWorkTests.framework in Frameworks */,
			);
			runOnlyForDeploymentPostprocessing = 0;
		};
		C2BAABFB1F883C1B004F8A14 /* Frameworks */ = {
			isa = PBXFrameworksBuildPhase;
			buildActionMask = 2147483647;
			files = (
				06AE82A05B1C8C95F1920AA6 /* Pods_example4PlzWorkUITests.framework in Frameworks */,
			);
			runOnlyForDeploymentPostprocessing = 0;
		};
/* End PBXFrameworksBuildPhase section */

/* Begin PBXGroup section */
		3155D91CA2293FCDE69DE3A4 /* Pods */ = {
			isa = PBXGroup;
			children = (
				90136900EFB4C77215B64106 /* Pods-example4PlzWork.debug.xcconfig */,
				F6ECE140A89371AB7F2D53FA /* Pods-example4PlzWork.release.xcconfig */,
				4E8B9B1A5584A5940EEE5751 /* Pods-example4PlzWorkTests.debug.xcconfig */,
				6C50CEEDB90652E32EAAB0A9 /* Pods-example4PlzWorkTests.release.xcconfig */,
				E9472B62CAF468861171B22B /* Pods-example4PlzWorkUITests.debug.xcconfig */,
				048845FA35F922A6B2C8392C /* Pods-example4PlzWorkUITests.release.xcconfig */,
			);
			name = Pods;
			sourceTree = "<group>";
		};
		ACBC36387967B267CB8C15E9 /* Frameworks */ = {
			isa = PBXGroup;
			children = (
				5495526E4271B54A800138DE /* Pods_example4PlzWork.framework */,
				F3AB90786C3D38E06A2220CD /* Pods_example4PlzWorkTests.framework */,
				084BF5DEBDE15613CD5017CE /* Pods_example4PlzWorkUITests.framework */,
			);
			name = Frameworks;
			sourceTree = "<group>";
		};
		C2BAABD31F883C1B004F8A14 = {
			isa = PBXGroup;
			children = (
				C2BAABDE1F883C1B004F8A14 /* example4PlzWork */,
				C2BAABF61F883C1B004F8A14 /* example4PlzWorkTests */,
				C2BAAC011F883C1B004F8A14 /* example4PlzWorkUITests */,
				C2BAABDD1F883C1B004F8A14 /* Products */,
				3155D91CA2293FCDE69DE3A4 /* Pods */,
				ACBC36387967B267CB8C15E9 /* Frameworks */,
			);
			sourceTree = "<group>";
		};
		C2BAABDD1F883C1B004F8A14 /* Products */ = {
			isa = PBXGroup;
			children = (
				C2BAABDC1F883C1B004F8A14 /* example4PlzWork.app */,
				C2BAABF31F883C1B004F8A14 /* example4PlzWorkTests.xctest */,
				C2BAABFE1F883C1B004F8A14 /* example4PlzWorkUITests.xctest */,
			);
			name = Products;
			sourceTree = "<group>";
		};
		C2BAABDE1F883C1B004F8A14 /* example4PlzWork */ = {
			isa = PBXGroup;
			children = (
				C2BAAC111F885EA4004F8A14 /* GoogleService-Info.plist */,
				C2BAABDF1F883C1B004F8A14 /* AppDelegate.swift */,
				C2BAABE11F883C1B004F8A14 /* ViewController.swift */,
				C2BAABE31F883C1B004F8A14 /* Main.storyboard */,
				C2BAABE91F883C1B004F8A14 /* Assets.xcassets */,
				C2BAABEB1F883C1B004F8A14 /* LaunchScreen.storyboard */,
				C2BAABEE1F883C1B004F8A14 /* Info.plist */,
				C2BAABE61F883C1B004F8A14 /* example4PlzWork.xcdatamodeld */,
			);
			path = example4PlzWork;
			sourceTree = "<group>";
		};
		C2BAABF61F883C1B004F8A14 /* example4PlzWorkTests */ = {
			isa = PBXGroup;
			children = (
				C2BAABF71F883C1B004F8A14 /* example4PlzWorkTests.swift */,
				C2BAABF91F883C1B004F8A14 /* Info.plist */,
			);
			path = example4PlzWorkTests;
			sourceTree = "<group>";
		};
		C2BAAC011F883C1B004F8A14 /* example4PlzWorkUITests */ = {
			isa = PBXGroup;
			children = (
				C2BAAC021F883C1B004F8A14 /* example4PlzWorkUITests.swift */,
				C2BAAC041F883C1B004F8A14 /* Info.plist */,
			);
			path = example4PlzWorkUITests;
			sourceTree = "<group>";
		};
/* End PBXGroup section */

/* Begin PBXNativeTarget section */
		C2BAABDB1F883C1B004F8A14 /* example4PlzWork */ = {
			isa = PBXNativeTarget;
			buildConfigurationList = C2BAAC071F883C1B004F8A14 /* Build configuration list for PBXNativeTarget "example4PlzWork" */;
			buildPhases = (
				9565ECA7B478150B25C770F6 /* [CP] Check Pods Manifest.lock */,
				C2BAABD81F883C1B004F8A14 /* Sources */,
				C2BAABD91F883C1B004F8A14 /* Frameworks */,
				C2BAABDA1F883C1B004F8A14 /* Resources */,
				85D4C430188BC6218BC8841C /* [CP] Embed Pods Frameworks */,
				D8FDD00B0CA0C619B4D38617 /* [CP] Copy Pods Resources */,
			);
			buildRules = (
			);
			dependencies = (
			);
			name = example4PlzWork;
			productName = example4PlzWork;
			productReference = C2BAABDC1F883C1B004F8A14 /* example4PlzWork.app */;
			productType = "com.apple.product-type.application";
		};
		C2BAABF21F883C1B004F8A14 /* example4PlzWorkTests */ = {
			isa = PBXNativeTarget;
			buildConfigurationList = C2BAAC0A1F883C1B004F8A14 /* Build configuration list for PBXNativeTarget "example4PlzWorkTests" */;
			buildPhases = (
				FC54D3A590378EF68494B7FD /* [CP] Check Pods Manifest.lock */,
				C2BAABEF1F883C1B004F8A14 /* Sources */,
				C2BAABF01F883C1B004F8A14 /* Frameworks */,
				C2BAABF11F883C1B004F8A14 /* Resources */,
				8FF4FF8A13ED38B9DDA6A6D2 /* [CP] Embed Pods Frameworks */,
				9532CD225EA855BECCE9A67C /* [CP] Copy Pods Resources */,
			);
			buildRules = (
			);
			dependencies = (
				C2BAABF51F883C1B004F8A14 /* PBXTargetDependency */,
			);
			name = example4PlzWorkTests;
			productName = example4PlzWorkTests;
			productReference = C2BAABF31F883C1B004F8A14 /* example4PlzWorkTests.xctest */;
			productType = "com.apple.product-type.bundle.unit-test";
		};
		C2BAABFD1F883C1B004F8A14 /* example4PlzWorkUITests */ = {
			isa = PBXNativeTarget;
			buildConfigurationList = C2BAAC0D1F883C1B004F8A14 /* Build configuration list for PBXNativeTarget "example4PlzWorkUITests" */;
			buildPhases = (
				AA4851477A95AD93820E1229 /* [CP] Check Pods Manifest.lock */,
				C2BAABFA1F883C1B004F8A14 /* Sources */,
				C2BAABFB1F883C1B004F8A14 /* Frameworks */,
				C2BAABFC1F883C1B004F8A14 /* Resources */,
				78BE07443EB364FBEBA80623 /* [CP] Embed Pods Frameworks */,
				45C834889306175B7A763822 /* [CP] Copy Pods Resources */,
			);
			buildRules = (
			);
			dependencies = (
				C2BAAC001F883C1B004F8A14 /* PBXTargetDependency */,
			);
			name = example4PlzWorkUITests;
			productName = example4PlzWorkUITests;
			productReference = C2BAABFE1F883C1B004F8A14 /* example4PlzWorkUITests.xctest */;
			productType = "com.apple.product-type.bundle.ui-testing";
		};
/* End PBXNativeTarget section */

/* Begin PBXProject section */
		C2BAABD41F883C1B004F8A14 /* Project object */ = {
			isa = PBXProject;
			attributes = {
				LastSwiftUpdateCheck = 0900;
				LastUpgradeCheck = 0900;
				ORGANIZATIONNAME = "Mohammed Ali";
				TargetAttributes = {
					C2BAABDB1F883C1B004F8A14 = {
						CreatedOnToolsVersion = 9.0;
						ProvisioningStyle = Automatic;
					};
					C2BAABF21F883C1B004F8A14 = {
						CreatedOnToolsVersion = 9.0;
						ProvisioningStyle = Automatic;
						TestTargetID = C2BAABDB1F883C1B004F8A14;
					};
					C2BAABFD1F883C1B004F8A14 = {
						CreatedOnToolsVersion = 9.0;
						ProvisioningStyle = Automatic;
						TestTargetID = C2BAABDB1F883C1B004F8A14;
					};
				};
			};
			buildConfigurationList = C2BAABD71F883C1B004F8A14 /* Build configuration list for PBXProject "example4PlzWork" */;
			compatibilityVersion = "Xcode 8.0";
			developmentRegion = en;
			hasScannedForEncodings = 0;
			knownRegions = (
				en,
				Base,
			);
			mainGroup = C2BAABD31F883C1B004F8A14;
			productRefGroup = C2BAABDD1F883C1B004F8A14 /* Products */;
			projectDirPath = "";
			projectRoot = "";
			targets = (
				C2BAABDB1F883C1B004F8A14 /* example4PlzWork */,
				C2BAABF21F883C1B004F8A14 /* example4PlzWorkTests */,
				C2BAABFD1F883C1B004F8A14 /* example4PlzWorkUITests */,
			);
		};
/* End PBXProject section */

/* Begin PBXResourcesBuildPhase section */
		C2BAABDA1F883C1B004F8A14 /* Resources */ = {
			isa = PBXResourcesBuildPhase;
			buildActionMask = 2147483647;
			files = (
				C2BAABED1F883C1B004F8A14 /* LaunchScreen.storyboard in Resources */,
				C2BAABEA1F883C1B004F8A14 /* Assets.xcassets in Resources */,
				C2BAABE51F883C1B004F8A14 /* Main.storyboard in Resources */,
				C2BAAC121F885EA4004F8A14 /* GoogleService-Info.plist in Resources */,
			);
			runOnlyForDeploymentPostprocessing = 0;
		};
		C2BAABF11F883C1B004F8A14 /* Resources */ = {
			isa = PBXResourcesBuildPhase;
			buildActionMask = 2147483647;
			files = (
			);
			runOnlyForDeploymentPostprocessing = 0;
		};
		C2BAABFC1F883C1B004F8A14 /* Resources */ = {
			isa = PBXResourcesBuildPhase;
			buildActionMask = 2147483647;
			files = (
			);
			runOnlyForDeploymentPostprocessing = 0;
		};
/* End PBXResourcesBuildPhase section */

/* Begin PBXShellScriptBuildPhase section */
		45C834889306175B7A763822 /* [CP] Copy Pods Resources */ = {
			isa = PBXShellScriptBuildPhase;
			buildActionMask = 2147483647;
			files = (
			);
			inputPaths = (
			);
			name = "[CP] Copy Pods Resources";
			outputPaths = (
			);
			runOnlyForDeploymentPostprocessing = 0;
			shellPath = /bin/sh;
			shellScript = "\"${SRCROOT}/Pods/Target Support Files/Pods-example4PlzWorkUITests/Pods-example4PlzWorkUITests-resources.sh\"\n";
			showEnvVarsInLog = 0;
		};
		78BE07443EB364FBEBA80623 /* [CP] Embed Pods Frameworks */ = {
			isa = PBXShellScriptBuildPhase;
			buildActionMask = 2147483647;
			files = (
			);
			inputPaths = (
			);
			name = "[CP] Embed Pods Frameworks";
			outputPaths = (
			);
			runOnlyForDeploymentPostprocessing = 0;
			shellPath = /bin/sh;
			shellScript = "\"${SRCROOT}/Pods/Target Support Files/Pods-example4PlzWorkUITests/Pods-example4PlzWorkUITests-frameworks.sh\"\n";
			showEnvVarsInLog = 0;
		};
		85D4C430188BC6218BC8841C /* [CP] Embed Pods Frameworks */ = {
			isa = PBXShellScriptBuildPhase;
			buildActionMask = 2147483647;
			files = (
			);
			inputPaths = (
				"${SRCROOT}/Pods/Target Support Files/Pods-example4PlzWork/Pods-example4PlzWork-frameworks.sh",
				"${BUILT_PRODUCTS_DIR}/GTMSessionFetcher/GTMSessionFetcher.framework",
				"${BUILT_PRODUCTS_DIR}/GoogleToolboxForMac/GoogleToolboxForMac.framework",
				"${BUILT_PRODUCTS_DIR}/leveldb-library/leveldb.framework",
				"${BUILT_PRODUCTS_DIR}/nanopb/nanopb.framework",
			);
			name = "[CP] Embed Pods Frameworks";
			outputPaths = (
				"${TARGET_BUILD_DIR}/${FRAMEWORKS_FOLDER_PATH}/GTMSessionFetcher.framework",
				"${TARGET_BUILD_DIR}/${FRAMEWORKS_FOLDER_PATH}/GoogleToolboxForMac.framework",
				"${TARGET_BUILD_DIR}/${FRAMEWORKS_FOLDER_PATH}/leveldb.framework",
				"${TARGET_BUILD_DIR}/${FRAMEWORKS_FOLDER_PATH}/nanopb.framework",
			);
			runOnlyForDeploymentPostprocessing = 0;
			shellPath = /bin/sh;
			shellScript = "\"${SRCROOT}/Pods/Target Support Files/Pods-example4PlzWork/Pods-example4PlzWork-frameworks.sh\"\n";
			showEnvVarsInLog = 0;
		};
		8FF4FF8A13ED38B9DDA6A6D2 /* [CP] Embed Pods Frameworks */ = {
			isa = PBXShellScriptBuildPhase;
			buildActionMask = 2147483647;
			files = (
			);
			inputPaths = (
			);
			name = "[CP] Embed Pods Frameworks";
			outputPaths = (
			);
			runOnlyForDeploymentPostprocessing = 0;
			shellPath = /bin/sh;
			shellScript = "\"${SRCROOT}/Pods/Target Support Files/Pods-example4PlzWorkTests/Pods-example4PlzWorkTests-frameworks.sh\"\n";
			showEnvVarsInLog = 0;
		};
		9532CD225EA855BECCE9A67C /* [CP] Copy Pods Resources */ = {
			isa = PBXShellScriptBuildPhase;
			buildActionMask = 2147483647;
			files = (
			);
			inputPaths = (
			);
			name = "[CP] Copy Pods Resources";
			outputPaths = (
			);
			runOnlyForDeploymentPostprocessing = 0;
			shellPath = /bin/sh;
			shellScript = "\"${SRCROOT}/Pods/Target Support Files/Pods-example4PlzWorkTests/Pods-example4PlzWorkTests-resources.sh\"\n";
			showEnvVarsInLog = 0;
		};
		9565ECA7B478150B25C770F6 /* [CP] Check Pods Manifest.lock */ = {
			isa = PBXShellScriptBuildPhase;
			buildActionMask = 2147483647;
			files = (
			);
			inputPaths = (
				"${PODS_PODFILE_DIR_PATH}/Podfile.lock",
				"${PODS_ROOT}/Manifest.lock",
			);
			name = "[CP] Check Pods Manifest.lock";
			outputPaths = (
				"$(DERIVED_FILE_DIR)/Pods-example4PlzWork-checkManifestLockResult.txt",
			);
			runOnlyForDeploymentPostprocessing = 0;
			shellPath = /bin/sh;
			shellScript = "diff \"${PODS_PODFILE_DIR_PATH}/Podfile.lock\" \"${PODS_ROOT}/Manifest.lock\" > /dev/null\nif [ $? != 0 ] ; then\n    # print error to STDERR\n    echo \"error: The sandbox is not in sync with the Podfile.lock. Run 'pod install' or update your CocoaPods installation.\" >&2\n    exit 1\nfi\n# This output is used by Xcode 'outputs' to avoid re-running this script phase.\necho \"SUCCESS\" > \"${SCRIPT_OUTPUT_FILE_0}\"\n";
			showEnvVarsInLog = 0;
		};
		AA4851477A95AD93820E1229 /* [CP] Check Pods Manifest.lock */ = {
			isa = PBXShellScriptBuildPhase;
			buildActionMask = 2147483647;
			files = (
			);
			inputPaths = (
				"${PODS_PODFILE_DIR_PATH}/Podfile.lock",
				"${PODS_ROOT}/Manifest.lock",
			);
			name = "[CP] Check Pods Manifest.lock";
			outputPaths = (
				"$(DERIVED_FILE_DIR)/Pods-example4PlzWorkUITests-checkManifestLockResult.txt",
			);
			runOnlyForDeploymentPostprocessing = 0;
			shellPath = /bin/sh;
			shellScript = "diff \"${PODS_PODFILE_DIR_PATH}/Podfile.lock\" \"${PODS_ROOT}/Manifest.lock\" > /dev/null\nif [ $? != 0 ] ; then\n    # print error to STDERR\n    echo \"error: The sandbox is not in sync with the Podfile.lock. Run 'pod install' or update your CocoaPods installation.\" >&2\n    exit 1\nfi\n# This output is used by Xcode 'outputs' to avoid re-running this script phase.\necho \"SUCCESS\" > \"${SCRIPT_OUTPUT_FILE_0}\"\n";
			showEnvVarsInLog = 0;
		};
		D8FDD00B0CA0C619B4D38617 /* [CP] Copy Pods Resources */ = {
			isa = PBXShellScriptBuildPhase;
			buildActionMask = 2147483647;
			files = (
			);
			inputPaths = (
			);
			name = "[CP] Copy Pods Resources";
			outputPaths = (
			);
			runOnlyForDeploymentPostprocessing = 0;
			shellPath = /bin/sh;
			shellScript = "\"${SRCROOT}/Pods/Target Support Files/Pods-example4PlzWork/Pods-example4PlzWork-resources.sh\"\n";
			showEnvVarsInLog = 0;
		};
		FC54D3A590378EF68494B7FD /* [CP] Check Pods Manifest.lock */ = {
			isa = PBXShellScriptBuildPhase;
			buildActionMask = 2147483647;
			files = (
			);
			inputPaths = (
				"${PODS_PODFILE_DIR_PATH}/Podfile.lock",
				"${PODS_ROOT}/Manifest.lock",
			);
			name = "[CP] Check Pods Manifest.lock";
			outputPaths = (
				"$(DERIVED_FILE_DIR)/Pods-example4PlzWorkTests-checkManifestLockResult.txt",
			);
			runOnlyForDeploymentPostprocessing = 0;
			shellPath = /bin/sh;
			shellScript = "diff \"${PODS_PODFILE_DIR_PATH}/Podfile.lock\" \"${PODS_ROOT}/Manifest.lock\" > /dev/null\nif [ $? != 0 ] ; then\n    # print error to STDERR\n    echo \"error: The sandbox is not in sync with the Podfile.lock. Run 'pod install' or update your CocoaPods installation.\" >&2\n    exit 1\nfi\n# This output is used by Xcode 'outputs' to avoid re-running this script phase.\necho \"SUCCESS\" > \"${SCRIPT_OUTPUT_FILE_0}\"\n";
			showEnvVarsInLog = 0;
		};
/* End PBXShellScriptBuildPhase section */

/* Begin PBXSourcesBuildPhase section */
		C2BAABD81F883C1B004F8A14 /* Sources */ = {
			isa = PBXSourcesBuildPhase;
			buildActionMask = 2147483647;
			files = (
				C2BAABE21F883C1B004F8A14 /* ViewController.swift in Sources */,
				C2BAABE81F883C1B004F8A14 /* example4PlzWork.xcdatamodeld in Sources */,
				C2BAABE01F883C1B004F8A14 /* AppDelegate.swift in Sources */,
			);
			runOnlyForDeploymentPostprocessing = 0;
		};
		C2BAABEF1F883C1B004F8A14 /* Sources */ = {
			isa = PBXSourcesBuildPhase;
			buildActionMask = 2147483647;
			files = (
				C2BAABF81F883C1B004F8A14 /* example4PlzWorkTests.swift in Sources */,
			);
			runOnlyForDeploymentPostprocessing = 0;
		};
		C2BAABFA1F883C1B004F8A14 /* Sources */ = {
			isa = PBXSourcesBuildPhase;
			buildActionMask = 2147483647;
			files = (
				C2BAAC031F883C1B004F8A14 /* example4PlzWorkUITests.swift in Sources */,
			);
			runOnlyForDeploymentPostprocessing = 0;
		};
/* End PBXSourcesBuildPhase section */

/* Begin PBXTargetDependency section */
		C2BAABF51F883C1B004F8A14 /* PBXTargetDependency */ = {
			isa = PBXTargetDependency;
			target = C2BAABDB1F883C1B004F8A14 /* example4PlzWork */;
			targetProxy = C2BAABF41F883C1B004F8A14 /* PBXContainerItemProxy */;
		};
		C2BAAC001F883C1B004F8A14 /* PBXTargetDependency */ = {
			isa = PBXTargetDependency;
			target = C2BAABDB1F883C1B004F8A14 /* example4PlzWork */;
			targetProxy = C2BAABFF1F883C1B004F8A14 /* PBXContainerItemProxy */;
		};
/* End PBXTargetDependency section */

/* Begin PBXVariantGroup section */
		C2BAABE31F883C1B004F8A14 /* Main.storyboard */ = {
			isa = PBXVariantGroup;
			children = (
				C2BAABE41F883C1B004F8A14 /* Base */,
			);
			name = Main.storyboard;
			sourceTree = "<group>";
		};
		C2BAABEB1F883C1B004F8A14 /* LaunchScreen.storyboard */ = {
			isa = PBXVariantGroup;
			children = (
				C2BAABEC1F883C1B004F8A14 /* Base */,
			);
			name = LaunchScreen.storyboard;
			sourceTree = "<group>";
		};
/* End PBXVariantGroup section */

/* Begin XCBuildConfiguration section */
		C2BAAC051F883C1B004F8A14 /* Debug */ = {
			isa = XCBuildConfiguration;
			buildSettings = {
				ALWAYS_SEARCH_USER_PATHS = NO;
				CLANG_ANALYZER_NONNULL = YES;
				CLANG_ANALYZER_NUMBER_OBJECT_CONVERSION = YES_AGGRESSIVE;
				CLANG_CXX_LANGUAGE_STANDARD = "gnu++14";
				CLANG_CXX_LIBRARY = "libc++";
				CLANG_ENABLE_MODULES = YES;
				CLANG_ENABLE_OBJC_ARC = YES;
				CLANG_WARN_BLOCK_CAPTURE_AUTORELEASING = YES;
				CLANG_WARN_BOOL_CONVERSION = YES;
				CLANG_WARN_COMMA = YES;
				CLANG_WARN_CONSTANT_CONVERSION = YES;
				CLANG_WARN_DIRECT_OBJC_ISA_USAGE = YES_ERROR;
				CLANG_WARN_DOCUMENTATION_COMMENTS = YES;
				CLANG_WARN_EMPTY_BODY = YES;
				CLANG_WARN_ENUM_CONVERSION = YES;
				CLANG_WARN_INFINITE_RECURSION = YES;
				CLANG_WARN_INT_CONVERSION = YES;
				CLANG_WARN_NON_LITERAL_NULL_CONVERSION = YES;
				CLANG_WARN_OBJC_LITERAL_CONVERSION = YES;
				CLANG_WARN_OBJC_ROOT_CLASS = YES_ERROR;
				CLANG_WARN_RANGE_LOOP_ANALYSIS = YES;
				CLANG_WARN_STRICT_PROTOTYPES = YES;
				CLANG_WARN_SUSPICIOUS_MOVE = YES;
				CLANG_WARN_UNGUARDED_AVAILABILITY = YES_AGGRESSIVE;
				CLANG_WARN_UNREACHABLE_CODE = YES;
				CLANG_WARN__DUPLICATE_METHOD_MATCH = YES;
				CODE_SIGN_IDENTITY = "iPhone Developer";
				COPY_PHASE_STRIP = NO;
				DEBUG_INFORMATION_FORMAT = dwarf;
				ENABLE_STRICT_OBJC_MSGSEND = YES;
				ENABLE_TESTABILITY = YES;
				GCC_C_LANGUAGE_STANDARD = gnu11;
				GCC_DYNAMIC_NO_PIC = NO;
				GCC_NO_COMMON_BLOCKS = YES;
				GCC_OPTIMIZATION_LEVEL = 0;
				GCC_PREPROCESSOR_DEFINITIONS = (
					"DEBUG=1",
					"$(inherited)",
				);
				GCC_WARN_64_TO_32_BIT_CONVERSION = YES;
				GCC_WARN_ABOUT_RETURN_TYPE = YES_ERROR;
				GCC_WARN_UNDECLARED_SELECTOR = YES;
				GCC_WARN_UNINITIALIZED_AUTOS = YES_AGGRESSIVE;
				GCC_WARN_UNUSED_FUNCTION = YES;
				GCC_WARN_UNUSED_VARIABLE = YES;
				IPHONEOS_DEPLOYMENT_TARGET = 11.0;
				MTL_ENABLE_DEBUG_INFO = YES;
				ONLY_ACTIVE_ARCH = YES;
				SDKROOT = iphoneos;
				SWIFT_ACTIVE_COMPILATION_CONDITIONS = DEBUG;
				SWIFT_OPTIMIZATION_LEVEL = "-Onone";
			};
			name = Debug;
		};
		C2BAAC061F883C1B004F8A14 /* Release */ = {
			isa = XCBuildConfiguration;
			buildSettings = {
				ALWAYS_SEARCH_USER_PATHS = NO;
				CLANG_ANALYZER_NONNULL = YES;
				CLANG_ANALYZER_NUMBER_OBJECT_CONVERSION = YES_AGGRESSIVE;
				CLANG_CXX_LANGUAGE_STANDARD = "gnu++14";
				CLANG_CXX_LIBRARY = "libc++";
				CLANG_ENABLE_MODULES = YES;
				CLANG_ENABLE_OBJC_ARC = YES;
				CLANG_WARN_BLOCK_CAPTURE_AUTORELEASING = YES;
				CLANG_WARN_BOOL_CONVERSION = YES;
				CLANG_WARN_COMMA = YES;
				CLANG_WARN_CONSTANT_CONVERSION = YES;
				CLANG_WARN_DIRECT_OBJC_ISA_USAGE = YES_ERROR;
				CLANG_WARN_DOCUMENTATION_COMMENTS = YES;
				CLANG_WARN_EMPTY_BODY = YES;
				CLANG_WARN_ENUM_CONVERSION = YES;
				CLANG_WARN_INFINITE_RECURSION = YES;
				CLANG_WARN_INT_CONVERSION = YES;
				CLANG_WARN_NON_LITERAL_NULL_CONVERSION = YES;
				CLANG_WARN_OBJC_LITERAL_CONVERSION = YES;
				CLANG_WARN_OBJC_ROOT_CLASS = YES_ERROR;
				CLANG_WARN_RANGE_LOOP_ANALYSIS = YES;
				CLANG_WARN_STRICT_PROTOTYPES = YES;
				CLANG_WARN_SUSPICIOUS_MOVE = YES;
				CLANG_WARN_UNGUARDED_AVAILABILITY = YES_AGGRESSIVE;
				CLANG_WARN_UNREACHABLE_CODE = YES;
				CLANG_WARN__DUPLICATE_METHOD_MATCH = YES;
				CODE_SIGN_IDENTITY = "iPhone Developer";
				COPY_PHASE_STRIP = NO;
				DEBUG_INFORMATION_FORMAT = "dwarf-with-dsym";
				ENABLE_NS_ASSERTIONS = NO;
				ENABLE_STRICT_OBJC_MSGSEND = YES;
				GCC_C_LANGUAGE_STANDARD = gnu11;
				GCC_NO_COMMON_BLOCKS = YES;
				GCC_WARN_64_TO_32_BIT_CONVERSION = YES;
				GCC_WARN_ABOUT_RETURN_TYPE = YES_ERROR;
				GCC_WARN_UNDECLARED_SELECTOR = YES;
				GCC_WARN_UNINITIALIZED_AUTOS = YES_AGGRESSIVE;
				GCC_WARN_UNUSED_FUNCTION = YES;
				GCC_WARN_UNUSED_VARIABLE = YES;
				IPHONEOS_DEPLOYMENT_TARGET = 11.0;
				MTL_ENABLE_DEBUG_INFO = NO;
				SDKROOT = iphoneos;
				SWIFT_OPTIMIZATION_LEVEL = "-Owholemodule";
				VALIDATE_PRODUCT = YES;
			};
			name = Release;
		};
		C2BAAC081F883C1B004F8A14 /* Debug */ = {
			isa = XCBuildConfiguration;
			baseConfigurationReference = 90136900EFB4C77215B64106 /* Pods-example4PlzWork.debug.xcconfig */;
			buildSettings = {
				ASSETCATALOG_COMPILER_APPICON_NAME = AppIcon;
				CODE_SIGN_STYLE = Automatic;
				DEVELOPMENT_TEAM = K2BLLYJAT9;
				INFOPLIST_FILE = example4PlzWork/Info.plist;
				LD_RUNPATH_SEARCH_PATHS = "$(inherited) @executable_path/Frameworks";
				PRODUCT_BUNDLE_IDENTIFIER = com.mohammedali.example4PlzWork;
				PRODUCT_NAME = "$(TARGET_NAME)";
				SWIFT_VERSION = 4.0;
				TARGETED_DEVICE_FAMILY = "1,2";
			};
			name = Debug;
		};
		C2BAAC091F883C1B004F8A14 /* Release */ = {
			isa = XCBuildConfiguration;
			baseConfigurationReference = F6ECE140A89371AB7F2D53FA /* Pods-example4PlzWork.release.xcconfig */;
			buildSettings = {
				ASSETCATALOG_COMPILER_APPICON_NAME = AppIcon;
				CODE_SIGN_STYLE = Automatic;
				DEVELOPMENT_TEAM = K2BLLYJAT9;
				INFOPLIST_FILE = example4PlzWork/Info.plist;
				LD_RUNPATH_SEARCH_PATHS = "$(inherited) @executable_path/Frameworks";
				PRODUCT_BUNDLE_IDENTIFIER = com.mohammedali.example4PlzWork;
				PRODUCT_NAME = "$(TARGET_NAME)";
				SWIFT_VERSION = 4.0;
				TARGETED_DEVICE_FAMILY = "1,2";
			};
			name = Release;
		};
		C2BAAC0B1F883C1B004F8A14 /* Debug */ = {
			isa = XCBuildConfiguration;
			baseConfigurationReference = 4E8B9B1A5584A5940EEE5751 /* Pods-example4PlzWorkTests.debug.xcconfig */;
			buildSettings = {
				ALWAYS_EMBED_SWIFT_STANDARD_LIBRARIES = YES;
				BUNDLE_LOADER = "$(TEST_HOST)";
				CODE_SIGN_STYLE = Automatic;
				INFOPLIST_FILE = example4PlzWorkTests/Info.plist;
				LD_RUNPATH_SEARCH_PATHS = "$(inherited) @executable_path/Frameworks @loader_path/Frameworks";
				PRODUCT_BUNDLE_IDENTIFIER = com.mohammedali.example4PlzWorkTests;
				PRODUCT_NAME = "$(TARGET_NAME)";
				SWIFT_VERSION = 4.0;
				TARGETED_DEVICE_FAMILY = "1,2";
				TEST_HOST = "$(BUILT_PRODUCTS_DIR)/example4PlzWork.app/example4PlzWork";
			};
			name = Debug;
		};
		C2BAAC0C1F883C1B004F8A14 /* Release */ = {
			isa = XCBuildConfiguration;
			baseConfigurationReference = 6C50CEEDB90652E32EAAB0A9 /* Pods-example4PlzWorkTests.release.xcconfig */;
			buildSettings = {
				ALWAYS_EMBED_SWIFT_STANDARD_LIBRARIES = YES;
				BUNDLE_LOADER = "$(TEST_HOST)";
				CODE_SIGN_STYLE = Automatic;
				INFOPLIST_FILE = example4PlzWorkTests/Info.plist;
				LD_RUNPATH_SEARCH_PATHS = "$(inherited) @executable_path/Frameworks @loader_path/Frameworks";
				PRODUCT_BUNDLE_IDENTIFIER = com.mohammedali.example4PlzWorkTests;
				PRODUCT_NAME = "$(TARGET_NAME)";
				SWIFT_VERSION = 4.0;
				TARGETED_DEVICE_FAMILY = "1,2";
				TEST_HOST = "$(BUILT_PRODUCTS_DIR)/example4PlzWork.app/example4PlzWork";
			};
			name = Release;
		};
		C2BAAC0E1F883C1B004F8A14 /* Debug */ = {
			isa = XCBuildConfiguration;
			baseConfigurationReference = E9472B62CAF468861171B22B /* Pods-example4PlzWorkUITests.debug.xcconfig */;
			buildSettings = {
				ALWAYS_EMBED_SWIFT_STANDARD_LIBRARIES = YES;
				CODE_SIGN_STYLE = Automatic;
				INFOPLIST_FILE = example4PlzWorkUITests/Info.plist;
				LD_RUNPATH_SEARCH_PATHS = "$(inherited) @executable_path/Frameworks @loader_path/Frameworks";
				PRODUCT_BUNDLE_IDENTIFIER = com.mohammedali.example4PlzWorkUITests;
				PRODUCT_NAME = "$(TARGET_NAME)";
				SWIFT_VERSION = 4.0;
				TARGETED_DEVICE_FAMILY = "1,2";
				TEST_TARGET_NAME = example4PlzWork;
			};
			name = Debug;
		};
		C2BAAC0F1F883C1B004F8A14 /* Release */ = {
			isa = XCBuildConfiguration;
			baseConfigurationReference = 048845FA35F922A6B2C8392C /* Pods-example4PlzWorkUITests.release.xcconfig */;
			buildSettings = {
				ALWAYS_EMBED_SWIFT_STANDARD_LIBRARIES = YES;
				CODE_SIGN_STYLE = Automatic;
				INFOPLIST_FILE = example4PlzWorkUITests/Info.plist;
				LD_RUNPATH_SEARCH_PATHS = "$(inherited) @executable_path/Frameworks @loader_path/Frameworks";
				PRODUCT_BUNDLE_IDENTIFIER = com.mohammedali.example4PlzWorkUITests;
				PRODUCT_NAME = "$(TARGET_NAME)";
				SWIFT_VERSION = 4.0;
				TARGETED_DEVICE_FAMILY = "1,2";
				TEST_TARGET_NAME = example4PlzWork;
			};
			name = Release;
		};
/* End XCBuildConfiguration section */

/* Begin XCConfigurationList section */
		C2BAABD71F883C1B004F8A14 /* Build configuration list for PBXProject "example4PlzWork" */ = {
			isa = XCConfigurationList;
			buildConfigurations = (
				C2BAAC051F883C1B004F8A14 /* Debug */,
				C2BAAC061F883C1B004F8A14 /* Release */,
			);
			defaultConfigurationIsVisible = 0;
			defaultConfigurationName = Release;
		};
		C2BAAC071F883C1B004F8A14 /* Build configuration list for PBXNativeTarget "example4PlzWork" */ = {
			isa = XCConfigurationList;
			buildConfigurations = (
				C2BAAC081F883C1B004F8A14 /* Debug */,
				C2BAAC091F883C1B004F8A14 /* Release */,
			);
			defaultConfigurationIsVisible = 0;
			defaultConfigurationName = Release;
		};
		C2BAAC0A1F883C1B004F8A14 /* Build configuration list for PBXNativeTarget "example4PlzWorkTests" */ = {
			isa = XCConfigurationList;
			buildConfigurations = (
				C2BAAC0B1F883C1B004F8A14 /* Debug */,
				C2BAAC0C1F883C1B004F8A14 /* Release */,
			);
			defaultConfigurationIsVisible = 0;
			defaultConfigurationName = Release;
		};
		C2BAAC0D1F883C1B004F8A14 /* Build configuration list for PBXNativeTarget "example4PlzWorkUITests" */ = {
			isa = XCConfigurationList;
			buildConfigurations = (
				C2BAAC0E1F883C1B004F8A14 /* Debug */,
				C2BAAC0F1F883C1B004F8A14 /* Release */,
			);
			defaultConfigurationIsVisible = 0;
			defaultConfigurationName = Release;
		};
/* End XCConfigurationList section */

/* Begin XCVersionGroup section */
		C2BAABE61F883C1B004F8A14 /* example4PlzWork.xcdatamodeld */ = {
			isa = XCVersionGroup;
			children = (
				C2BAABE71F883C1B004F8A14 /* example4PlzWork.xcdatamodel */,
			);
			currentVersion = C2BAABE71F883C1B004F8A14 /* example4PlzWork.xcdatamodel */;
			path = example4PlzWork.xcdatamodeld;
			sourceTree = "<group>";
			versionGroupType = wrapper.xcdatamodel;
		};
/* End XCVersionGroup section */
	};
	rootObject = C2BAABD41F883C1B004F8A14 /* Project object */;
}
