// !$*UTF8*$!
{
	archiveVersion = 1;
	classes = {
	};
	objectVersion = 48;
	objects = {

/* Begin PBXBuildFile section */
		6DE4DABC1F7BF9C400D46C6D /* AppDelegate.swift in Sources */ = {isa = PBXBuildFile; fileRef = 6DE4DABB1F7BF9C400D46C6D /* AppDelegate.swift */; };
		6DE4DABE1F7BF9C400D46C6D /* ViewController.swift in Sources */ = {isa = PBXBuildFile; fileRef = 6DE4DABD1F7BF9C400D46C6D /* ViewController.swift */; };
		6DE4DAC11F7BF9C400D46C6D /* Main.storyboard in Resources */ = {isa = PBXBuildFile; fileRef = 6DE4DABF1F7BF9C400D46C6D /* Main.storyboard */; };
		6DE4DAC31F7BF9C400D46C6D /* Assets.xcassets in Resources */ = {isa = PBXBuildFile; fileRef = 6DE4DAC21F7BF9C400D46C6D /* Assets.xcassets */; };
		6DE4DAC61F7BF9C400D46C6D /* LaunchScreen.storyboard in Resources */ = {isa = PBXBuildFile; fileRef = 6DE4DAC41F7BF9C400D46C6D /* LaunchScreen.storyboard */; };
		6DE4DAD11F7BF9C400D46C6D /* Gallery_ChoiceTests.swift in Sources */ = {isa = PBXBuildFile; fileRef = 6DE4DAD01F7BF9C400D46C6D /* Gallery_ChoiceTests.swift */; };
		6DE4DADC1F7BF9C400D46C6D /* Gallery_ChoiceUITests.swift in Sources */ = {isa = PBXBuildFile; fileRef = 6DE4DADB1F7BF9C400D46C6D /* Gallery_ChoiceUITests.swift */; };
/* End PBXBuildFile section */

/* Begin PBXContainerItemProxy section */
		6DE4DACD1F7BF9C400D46C6D /* PBXContainerItemProxy */ = {
			isa = PBXContainerItemProxy;
			containerPortal = 6DE4DAB01F7BF9C400D46C6D /* Project object */;
			proxyType = 1;
			remoteGlobalIDString = 6DE4DAB71F7BF9C400D46C6D;
			remoteInfo = "Gallery Choice";
		};
		6DE4DAD81F7BF9C400D46C6D /* PBXContainerItemProxy */ = {
			isa = PBXContainerItemProxy;
			containerPortal = 6DE4DAB01F7BF9C400D46C6D /* Project object */;
			proxyType = 1;
			remoteGlobalIDString = 6DE4DAB71F7BF9C400D46C6D;
			remoteInfo = "Gallery Choice";
		};
/* End PBXContainerItemProxy section */

/* Begin PBXFileReference section */
		6DE4DAB81F7BF9C400D46C6D /* Gallery Choice.app */ = {isa = PBXFileReference; explicitFileType = wrapper.application; includeInIndex = 0; path = "Gallery Choice.app"; sourceTree = BUILT_PRODUCTS_DIR; };
		6DE4DABB1F7BF9C400D46C6D /* AppDelegate.swift */ = {isa = PBXFileReference; lastKnownFileType = sourcecode.swift; path = AppDelegate.swift; sourceTree = "<group>"; };
		6DE4DABD1F7BF9C400D46C6D /* ViewController.swift */ = {isa = PBXFileReference; lastKnownFileType = sourcecode.swift; path = ViewController.swift; sourceTree = "<group>"; };
		6DE4DAC01F7BF9C400D46C6D /* Base */ = {isa = PBXFileReference; lastKnownFileType = file.storyboard; name = Base; path = Base.lproj/Main.storyboard; sourceTree = "<group>"; };
		6DE4DAC21F7BF9C400D46C6D /* Assets.xcassets */ = {isa = PBXFileReference; lastKnownFileType = folder.assetcatalog; path = Assets.xcassets; sourceTree = "<group>"; };
		6DE4DAC51F7BF9C400D46C6D /* Base */ = {isa = PBXFileReference; lastKnownFileType = file.storyboard; name = Base; path = Base.lproj/LaunchScreen.storyboard; sourceTree = "<group>"; };
		6DE4DAC71F7BF9C400D46C6D /* Info.plist */ = {isa = PBXFileReference; lastKnownFileType = text.plist.xml; path = Info.plist; sourceTree = "<group>"; };
		6DE4DACC1F7BF9C400D46C6D /* Gallery ChoiceTests.xctest */ = {isa = PBXFileReference; explicitFileType = wrapper.cfbundle; includeInIndex = 0; path = "Gallery ChoiceTests.xctest"; sourceTree = BUILT_PRODUCTS_DIR; };
		6DE4DAD01F7BF9C400D46C6D /* Gallery_ChoiceTests.swift */ = {isa = PBXFileReference; lastKnownFileType = sourcecode.swift; path = Gallery_ChoiceTests.swift; sourceTree = "<group>"; };
		6DE4DAD21F7BF9C400D46C6D /* Info.plist */ = {isa = PBXFileReference; lastKnownFileType = text.plist.xml; path = Info.plist; sourceTree = "<group>"; };
		6DE4DAD71F7BF9C400D46C6D /* Gallery ChoiceUITests.xctest */ = {isa = PBXFileReference; explicitFileType = wrapper.cfbundle; includeInIndex = 0; path = "Gallery ChoiceUITests.xctest"; sourceTree = BUILT_PRODUCTS_DIR; };
		6DE4DADB1F7BF9C400D46C6D /* Gallery_ChoiceUITests.swift */ = {isa = PBXFileReference; lastKnownFileType = sourcecode.swift; path = Gallery_ChoiceUITests.swift; sourceTree = "<group>"; };
		6DE4DADD1F7BF9C400D46C6D /* Info.plist */ = {isa = PBXFileReference; lastKnownFileType = text.plist.xml; path = Info.plist; sourceTree = "<group>"; };
/* End PBXFileReference section */

/* Begin PBXFrameworksBuildPhase section */
		6DE4DAB51F7BF9C400D46C6D /* Frameworks */ = {
			isa = PBXFrameworksBuildPhase;
			buildActionMask = 2147483647;
			files = (
			);
			runOnlyForDeploymentPostprocessing = 0;
		};
		6DE4DAC91F7BF9C400D46C6D /* Frameworks */ = {
			isa = PBXFrameworksBuildPhase;
			buildActionMask = 2147483647;
			files = (
			);
			runOnlyForDeploymentPostprocessing = 0;
		};
		6DE4DAD41F7BF9C400D46C6D /* Frameworks */ = {
			isa = PBXFrameworksBuildPhase;
			buildActionMask = 2147483647;
			files = (
			);
			runOnlyForDeploymentPostprocessing = 0;
		};
/* End PBXFrameworksBuildPhase section */

/* Begin PBXGroup section */
		6DE4DAAF1F7BF9C400D46C6D = {
			isa = PBXGroup;
			children = (
				6DE4DABA1F7BF9C400D46C6D /* Gallery Choice */,
				6DE4DACF1F7BF9C400D46C6D /* Gallery ChoiceTests */,
				6DE4DADA1F7BF9C400D46C6D /* Gallery ChoiceUITests */,
				6DE4DAB91F7BF9C400D46C6D /* Products */,
			);
			sourceTree = "<group>";
		};
		6DE4DAB91F7BF9C400D46C6D /* Products */ = {
			isa = PBXGroup;
			children = (
				6DE4DAB81F7BF9C400D46C6D /* Gallery Choice.app */,
				6DE4DACC1F7BF9C400D46C6D /* Gallery ChoiceTests.xctest */,
				6DE4DAD71F7BF9C400D46C6D /* Gallery ChoiceUITests.xctest */,
			);
			name = Products;
			sourceTree = "<group>";
		};
		6DE4DABA1F7BF9C400D46C6D /* Gallery Choice */ = {
			isa = PBXGroup;
			children = (
				6DE4DABB1F7BF9C400D46C6D /* AppDelegate.swift */,
				6DE4DABD1F7BF9C400D46C6D /* ViewController.swift */,
				6DE4DABF1F7BF9C400D46C6D /* Main.storyboard */,
				6DE4DAC21F7BF9C400D46C6D /* Assets.xcassets */,
				6DE4DAC41F7BF9C400D46C6D /* LaunchScreen.storyboard */,
				6DE4DAC71F7BF9C400D46C6D /* Info.plist */,
			);
			path = "Gallery Choice";
			sourceTree = "<group>";
		};
		6DE4DACF1F7BF9C400D46C6D /* Gallery ChoiceTests */ = {
			isa = PBXGroup;
			children = (
				6DE4DAD01F7BF9C400D46C6D /* Gallery_ChoiceTests.swift */,
				6DE4DAD21F7BF9C400D46C6D /* Info.plist */,
			);
			path = "Gallery ChoiceTests";
			sourceTree = "<group>";
		};
		6DE4DADA1F7BF9C400D46C6D /* Gallery ChoiceUITests */ = {
			isa = PBXGroup;
			children = (
				6DE4DADB1F7BF9C400D46C6D /* Gallery_ChoiceUITests.swift */,
				6DE4DADD1F7BF9C400D46C6D /* Info.plist */,
			);
			path = "Gallery ChoiceUITests";
			sourceTree = "<group>";
		};
/* End PBXGroup section */

/* Begin PBXNativeTarget section */
		6DE4DAB71F7BF9C400D46C6D /* Gallery Choice */ = {
			isa = PBXNativeTarget;
			buildConfigurationList = 6DE4DAE01F7BF9C400D46C6D /* Build configuration list for PBXNativeTarget "Gallery Choice" */;
			buildPhases = (
				6DE4DAB41F7BF9C400D46C6D /* Sources */,
				6DE4DAB51F7BF9C400D46C6D /* Frameworks */,
				6DE4DAB61F7BF9C400D46C6D /* Resources */,
			);
			buildRules = (
			);
			dependencies = (
			);
			name = "Gallery Choice";
			productName = "Gallery Choice";
			productReference = 6DE4DAB81F7BF9C400D46C6D /* Gallery Choice.app */;
			productType = "com.apple.product-type.application";
		};
		6DE4DACB1F7BF9C400D46C6D /* Gallery ChoiceTests */ = {
			isa = PBXNativeTarget;
			buildConfigurationList = 6DE4DAE31F7BF9C400D46C6D /* Build configuration list for PBXNativeTarget "Gallery ChoiceTests" */;
			buildPhases = (
				6DE4DAC81F7BF9C400D46C6D /* Sources */,
				6DE4DAC91F7BF9C400D46C6D /* Frameworks */,
				6DE4DACA1F7BF9C400D46C6D /* Resources */,
			);
			buildRules = (
			);
			dependencies = (
				6DE4DACE1F7BF9C400D46C6D /* PBXTargetDependency */,
			);
			name = "Gallery ChoiceTests";
			productName = "Gallery ChoiceTests";
			productReference = 6DE4DACC1F7BF9C400D46C6D /* Gallery ChoiceTests.xctest */;
			productType = "com.apple.product-type.bundle.unit-test";
		};
		6DE4DAD61F7BF9C400D46C6D /* Gallery ChoiceUITests */ = {
			isa = PBXNativeTarget;
			buildConfigurationList = 6DE4DAE61F7BF9C400D46C6D /* Build configuration list for PBXNativeTarget "Gallery ChoiceUITests" */;
			buildPhases = (
				6DE4DAD31F7BF9C400D46C6D /* Sources */,
				6DE4DAD41F7BF9C400D46C6D /* Frameworks */,
				6DE4DAD51F7BF9C400D46C6D /* Resources */,
			);
			buildRules = (
			);
			dependencies = (
				6DE4DAD91F7BF9C400D46C6D /* PBXTargetDependency */,
			);
			name = "Gallery ChoiceUITests";
			productName = "Gallery ChoiceUITests";
			productReference = 6DE4DAD71F7BF9C400D46C6D /* Gallery ChoiceUITests.xctest */;
			productType = "com.apple.product-type.bundle.ui-testing";
		};
/* End PBXNativeTarget section */

/* Begin PBXProject section */
		6DE4DAB01F7BF9C400D46C6D /* Project object */ = {
			isa = PBXProject;
			attributes = {
				LastSwiftUpdateCheck = 0900;
				LastUpgradeCheck = 0900;
				ORGANIZATIONNAME = "Darion Thompson";
				TargetAttributes = {
					6DE4DAB71F7BF9C400D46C6D = {
						CreatedOnToolsVersion = 9.0;
						ProvisioningStyle = Automatic;
					};
					6DE4DACB1F7BF9C400D46C6D = {
						CreatedOnToolsVersion = 9.0;
						ProvisioningStyle = Automatic;
						TestTargetID = 6DE4DAB71F7BF9C400D46C6D;
					};
					6DE4DAD61F7BF9C400D46C6D = {
						CreatedOnToolsVersion = 9.0;
						ProvisioningStyle = Automatic;
						TestTargetID = 6DE4DAB71F7BF9C400D46C6D;
					};
				};
			};
			buildConfigurationList = 6DE4DAB31F7BF9C400D46C6D /* Build configuration list for PBXProject "Gallery Choice" */;
			compatibilityVersion = "Xcode 8.0";
			developmentRegion = en;
			hasScannedForEncodings = 0;
			knownRegions = (
				en,
				Base,
			);
			mainGroup = 6DE4DAAF1F7BF9C400D46C6D;
			productRefGroup = 6DE4DAB91F7BF9C400D46C6D /* Products */;
			projectDirPath = "";
			projectRoot = "";
			targets = (
				6DE4DAB71F7BF9C400D46C6D /* Gallery Choice */,
				6DE4DACB1F7BF9C400D46C6D /* Gallery ChoiceTests */,
				6DE4DAD61F7BF9C400D46C6D /* Gallery ChoiceUITests */,
			);
		};
/* End PBXProject section */

/* Begin PBXResourcesBuildPhase section */
		6DE4DAB61F7BF9C400D46C6D /* Resources */ = {
			isa = PBXResourcesBuildPhase;
			buildActionMask = 2147483647;
			files = (
				6DE4DAC61F7BF9C400D46C6D /* LaunchScreen.storyboard in Resources */,
				6DE4DAC31F7BF9C400D46C6D /* Assets.xcassets in Resources */,
				6DE4DAC11F7BF9C400D46C6D /* Main.storyboard in Resources */,
			);
			runOnlyForDeploymentPostprocessing = 0;
		};
		6DE4DACA1F7BF9C400D46C6D /* Resources */ = {
			isa = PBXResourcesBuildPhase;
			buildActionMask = 2147483647;
			files = (
			);
			runOnlyForDeploymentPostprocessing = 0;
		};
		6DE4DAD51F7BF9C400D46C6D /* Resources */ = {
			isa = PBXResourcesBuildPhase;
			buildActionMask = 2147483647;
			files = (
			);
			runOnlyForDeploymentPostprocessing = 0;
		};
/* End PBXResourcesBuildPhase section */

/* Begin PBXSourcesBuildPhase section */
		6DE4DAB41F7BF9C400D46C6D /* Sources */ = {
			isa = PBXSourcesBuildPhase;
			buildActionMask = 2147483647;
			files = (
				6DE4DABE1F7BF9C400D46C6D /* ViewController.swift in Sources */,
				6DE4DABC1F7BF9C400D46C6D /* AppDelegate.swift in Sources */,
			);
			runOnlyForDeploymentPostprocessing = 0;
		};
		6DE4DAC81F7BF9C400D46C6D /* Sources */ = {
			isa = PBXSourcesBuildPhase;
			buildActionMask = 2147483647;
			files = (
				6DE4DAD11F7BF9C400D46C6D /* Gallery_ChoiceTests.swift in Sources */,
			);
			runOnlyForDeploymentPostprocessing = 0;
		};
		6DE4DAD31F7BF9C400D46C6D /* Sources */ = {
			isa = PBXSourcesBuildPhase;
			buildActionMask = 2147483647;
			files = (
				6DE4DADC1F7BF9C400D46C6D /* Gallery_ChoiceUITests.swift in Sources */,
			);
			runOnlyForDeploymentPostprocessing = 0;
		};
/* End PBXSourcesBuildPhase section */

/* Begin PBXTargetDependency section */
		6DE4DACE1F7BF9C400D46C6D /* PBXTargetDependency */ = {
			isa = PBXTargetDependency;
			target = 6DE4DAB71F7BF9C400D46C6D /* Gallery Choice */;
			targetProxy = 6DE4DACD1F7BF9C400D46C6D /* PBXContainerItemProxy */;
		};
		6DE4DAD91F7BF9C400D46C6D /* PBXTargetDependency */ = {
			isa = PBXTargetDependency;
			target = 6DE4DAB71F7BF9C400D46C6D /* Gallery Choice */;
			targetProxy = 6DE4DAD81F7BF9C400D46C6D /* PBXContainerItemProxy */;
		};
/* End PBXTargetDependency section */

/* Begin PBXVariantGroup section */
		6DE4DABF1F7BF9C400D46C6D /* Main.storyboard */ = {
			isa = PBXVariantGroup;
			children = (
				6DE4DAC01F7BF9C400D46C6D /* Base */,
			);
			name = Main.storyboard;
			sourceTree = "<group>";
		};
		6DE4DAC41F7BF9C400D46C6D /* LaunchScreen.storyboard */ = {
			isa = PBXVariantGroup;
			children = (
				6DE4DAC51F7BF9C400D46C6D /* Base */,
			);
			name = LaunchScreen.storyboard;
			sourceTree = "<group>";
		};
/* End PBXVariantGroup section */

/* Begin XCBuildConfiguration section */
		6DE4DADE1F7BF9C400D46C6D /* Debug */ = {
			isa = XCBuildConfiguration;
			buildSettings = {
				ALWAYS_SEARCH_USER_PATHS = NO;
				CLANG_ANALYZER_NONNULL = YES;
				CLANG_ANALYZER_NUMBER_OBJECT_CONVERSION = YES_AGGRESSIVE;
				CLANG_CXX_LANGUAGE_STANDARD = "gnu++14";
				CLANG_CXX_LIBRARY = "libc++";
				CLANG_ENABLE_MODULES = YES;
				CLANG_ENABLE_OBJC_ARC = YES;
				CLANG_WARN_BLOCK_CAPTURE_AUTORELEASING = YES;
				CLANG_WARN_BOOL_CONVERSION = YES;
				CLANG_WARN_COMMA = YES;
				CLANG_WARN_CONSTANT_CONVERSION = YES;
				CLANG_WARN_DIRECT_OBJC_ISA_USAGE = YES_ERROR;
				CLANG_WARN_DOCUMENTATION_COMMENTS = YES;
				CLANG_WARN_EMPTY_BODY = YES;
				CLANG_WARN_ENUM_CONVERSION = YES;
				CLANG_WARN_INFINITE_RECURSION = YES;
				CLANG_WARN_INT_CONVERSION = YES;
				CLANG_WARN_NON_LITERAL_NULL_CONVERSION = YES;
				CLANG_WARN_OBJC_LITERAL_CONVERSION = YES;
				CLANG_WARN_OBJC_ROOT_CLASS = YES_ERROR;
				CLANG_WARN_RANGE_LOOP_ANALYSIS = YES;
				CLANG_WARN_STRICT_PROTOTYPES = YES;
				CLANG_WARN_SUSPICIOUS_MOVE = YES;
				CLANG_WARN_UNGUARDED_AVAILABILITY = YES_AGGRESSIVE;
				CLANG_WARN_UNREACHABLE_CODE = YES;
				CLANG_WARN__DUPLICATE_METHOD_MATCH = YES;
				CODE_SIGN_IDENTITY = "iPhone Developer";
				COPY_PHASE_STRIP = NO;
				DEBUG_INFORMATION_FORMAT = dwarf;
				ENABLE_STRICT_OBJC_MSGSEND = YES;
				ENABLE_TESTABILITY = YES;
				GCC_C_LANGUAGE_STANDARD = gnu11;
				GCC_DYNAMIC_NO_PIC = NO;
				GCC_NO_COMMON_BLOCKS = YES;
				GCC_OPTIMIZATION_LEVEL = 0;
				GCC_PREPROCESSOR_DEFINITIONS = (
					"DEBUG=1",
					"$(inherited)",
				);
				GCC_WARN_64_TO_32_BIT_CONVERSION = YES;
				GCC_WARN_ABOUT_RETURN_TYPE = YES_ERROR;
				GCC_WARN_UNDECLARED_SELECTOR = YES;
				GCC_WARN_UNINITIALIZED_AUTOS = YES_AGGRESSIVE;
				GCC_WARN_UNUSED_FUNCTION = YES;
				GCC_WARN_UNUSED_VARIABLE = YES;
				IPHONEOS_DEPLOYMENT_TARGET = 11.0;
				MTL_ENABLE_DEBUG_INFO = YES;
				ONLY_ACTIVE_ARCH = YES;
				SDKROOT = iphoneos;
				SWIFT_ACTIVE_COMPILATION_CONDITIONS = DEBUG;
				SWIFT_OPTIMIZATION_LEVEL = "-Onone";
			};
			name = Debug;
		};
		6DE4DADF1F7BF9C400D46C6D /* Release */ = {
			isa = XCBuildConfiguration;
			buildSettings = {
				ALWAYS_SEARCH_USER_PATHS = NO;
				CLANG_ANALYZER_NONNULL = YES;
				CLANG_ANALYZER_NUMBER_OBJECT_CONVERSION = YES_AGGRESSIVE;
				CLANG_CXX_LANGUAGE_STANDARD = "gnu++14";
				CLANG_CXX_LIBRARY = "libc++";
				CLANG_ENABLE_MODULES = YES;
				CLANG_ENABLE_OBJC_ARC = YES;
				CLANG_WARN_BLOCK_CAPTURE_AUTORELEASING = YES;
				CLANG_WARN_BOOL_CONVERSION = YES;
				CLANG_WARN_COMMA = YES;
				CLANG_WARN_CONSTANT_CONVERSION = YES;
				CLANG_WARN_DIRECT_OBJC_ISA_USAGE = YES_ERROR;
				CLANG_WARN_DOCUMENTATION_COMMENTS = YES;
				CLANG_WARN_EMPTY_BODY = YES;
				CLANG_WARN_ENUM_CONVERSION = YES;
				CLANG_WARN_INFINITE_RECURSION = YES;
				CLANG_WARN_INT_CONVERSION = YES;
				CLANG_WARN_NON_LITERAL_NULL_CONVERSION = YES;
				CLANG_WARN_OBJC_LITERAL_CONVERSION = YES;
				CLANG_WARN_OBJC_ROOT_CLASS = YES_ERROR;
				CLANG_WARN_RANGE_LOOP_ANALYSIS = YES;
				CLANG_WARN_STRICT_PROTOTYPES = YES;
				CLANG_WARN_SUSPICIOUS_MOVE = YES;
				CLANG_WARN_UNGUARDED_AVAILABILITY = YES_AGGRESSIVE;
				CLANG_WARN_UNREACHABLE_CODE = YES;
				CLANG_WARN__DUPLICATE_METHOD_MATCH = YES;
				CODE_SIGN_IDENTITY = "iPhone Developer";
				COPY_PHASE_STRIP = NO;
				DEBUG_INFORMATION_FORMAT = "dwarf-with-dsym";
				ENABLE_NS_ASSERTIONS = NO;
				ENABLE_STRICT_OBJC_MSGSEND = YES;
				GCC_C_LANGUAGE_STANDARD = gnu11;
				GCC_NO_COMMON_BLOCKS = YES;
				GCC_WARN_64_TO_32_BIT_CONVERSION = YES;
				GCC_WARN_ABOUT_RETURN_TYPE = YES_ERROR;
				GCC_WARN_UNDECLARED_SELECTOR = YES;
				GCC_WARN_UNINITIALIZED_AUTOS = YES_AGGRESSIVE;
				GCC_WARN_UNUSED_FUNCTION = YES;
				GCC_WARN_UNUSED_VARIABLE = YES;
				IPHONEOS_DEPLOYMENT_TARGET = 11.0;
				MTL_ENABLE_DEBUG_INFO = NO;
				SDKROOT = iphoneos;
				SWIFT_OPTIMIZATION_LEVEL = "-Owholemodule";
				VALIDATE_PRODUCT = YES;
			};
			name = Release;
		};
		6DE4DAE11F7BF9C400D46C6D /* Debug */ = {
			isa = XCBuildConfiguration;
			buildSettings = {
				ASSETCATALOG_COMPILER_APPICON_NAME = AppIcon;
				CODE_SIGN_STYLE = Automatic;
				INFOPLIST_FILE = "Gallery Choice/Info.plist";
				LD_RUNPATH_SEARCH_PATHS = "$(inherited) @executable_path/Frameworks";
				PRODUCT_BUNDLE_IDENTIFIER = "com.DarionT.Gallery-Choice";
				PRODUCT_NAME = "$(TARGET_NAME)";
				SWIFT_VERSION = 4.0;
				TARGETED_DEVICE_FAMILY = "1,2";
			};
			name = Debug;
		};
		6DE4DAE21F7BF9C400D46C6D /* Release */ = {
			isa = XCBuildConfiguration;
			buildSettings = {
				ASSETCATALOG_COMPILER_APPICON_NAME = AppIcon;
				CODE_SIGN_STYLE = Automatic;
				INFOPLIST_FILE = "Gallery Choice/Info.plist";
				LD_RUNPATH_SEARCH_PATHS = "$(inherited) @executable_path/Frameworks";
				PRODUCT_BUNDLE_IDENTIFIER = "com.DarionT.Gallery-Choice";
				PRODUCT_NAME = "$(TARGET_NAME)";
				SWIFT_VERSION = 4.0;
				TARGETED_DEVICE_FAMILY = "1,2";
			};
			name = Release;
		};
		6DE4DAE41F7BF9C400D46C6D /* Debug */ = {
			isa = XCBuildConfiguration;
			buildSettings = {
				ALWAYS_EMBED_SWIFT_STANDARD_LIBRARIES = YES;
				BUNDLE_LOADER = "$(TEST_HOST)";
				CODE_SIGN_STYLE = Automatic;
				INFOPLIST_FILE = "Gallery ChoiceTests/Info.plist";
				LD_RUNPATH_SEARCH_PATHS = "$(inherited) @executable_path/Frameworks @loader_path/Frameworks";
				PRODUCT_BUNDLE_IDENTIFIER = "com.DarionT.Gallery-ChoiceTests";
				PRODUCT_NAME = "$(TARGET_NAME)";
				SWIFT_VERSION = 4.0;
				TARGETED_DEVICE_FAMILY = "1,2";
				TEST_HOST = "$(BUILT_PRODUCTS_DIR)/Gallery Choice.app/Gallery Choice";
			};
			name = Debug;
		};
		6DE4DAE51F7BF9C400D46C6D /* Release */ = {
			isa = XCBuildConfiguration;
			buildSettings = {
				ALWAYS_EMBED_SWIFT_STANDARD_LIBRARIES = YES;
				BUNDLE_LOADER = "$(TEST_HOST)";
				CODE_SIGN_STYLE = Automatic;
				INFOPLIST_FILE = "Gallery ChoiceTests/Info.plist";
				LD_RUNPATH_SEARCH_PATHS = "$(inherited) @executable_path/Frameworks @loader_path/Frameworks";
				PRODUCT_BUNDLE_IDENTIFIER = "com.DarionT.Gallery-ChoiceTests";
				PRODUCT_NAME = "$(TARGET_NAME)";
				SWIFT_VERSION = 4.0;
				TARGETED_DEVICE_FAMILY = "1,2";
				TEST_HOST = "$(BUILT_PRODUCTS_DIR)/Gallery Choice.app/Gallery Choice";
			};
			name = Release;
		};
		6DE4DAE71F7BF9C400D46C6D /* Debug */ = {
			isa = XCBuildConfiguration;
			buildSettings = {
				ALWAYS_EMBED_SWIFT_STANDARD_LIBRARIES = YES;
				CODE_SIGN_STYLE = Automatic;
				INFOPLIST_FILE = "Gallery ChoiceUITests/Info.plist";
				LD_RUNPATH_SEARCH_PATHS = "$(inherited) @executable_path/Frameworks @loader_path/Frameworks";
				PRODUCT_BUNDLE_IDENTIFIER = "com.DarionT.Gallery-ChoiceUITests";
				PRODUCT_NAME = "$(TARGET_NAME)";
				SWIFT_VERSION = 4.0;
				TARGETED_DEVICE_FAMILY = "1,2";
				TEST_TARGET_NAME = "Gallery Choice";
			};
			name = Debug;
		};
		6DE4DAE81F7BF9C400D46C6D /* Release */ = {
			isa = XCBuildConfiguration;
			buildSettings = {
				ALWAYS_EMBED_SWIFT_STANDARD_LIBRARIES = YES;
				CODE_SIGN_STYLE = Automatic;
				INFOPLIST_FILE = "Gallery ChoiceUITests/Info.plist";
				LD_RUNPATH_SEARCH_PATHS = "$(inherited) @executable_path/Frameworks @loader_path/Frameworks";
				PRODUCT_BUNDLE_IDENTIFIER = "com.DarionT.Gallery-ChoiceUITests";
				PRODUCT_NAME = "$(TARGET_NAME)";
				SWIFT_VERSION = 4.0;
				TARGETED_DEVICE_FAMILY = "1,2";
				TEST_TARGET_NAME = "Gallery Choice";
			};
			name = Release;
		};
/* End XCBuildConfiguration section */

/* Begin XCConfigurationList section */
		6DE4DAB31F7BF9C400D46C6D /* Build configuration list for PBXProject "Gallery Choice" */ = {
			isa = XCConfigurationList;
			buildConfigurations = (
				6DE4DADE1F7BF9C400D46C6D /* Debug */,
				6DE4DADF1F7BF9C400D46C6D /* Release */,
			);
			defaultConfigurationIsVisible = 0;
			defaultConfigurationName = Release;
		};
		6DE4DAE01F7BF9C400D46C6D /* Build configuration list for PBXNativeTarget "Gallery Choice" */ = {
			isa = XCConfigurationList;
			buildConfigurations = (
				6DE4DAE11F7BF9C400D46C6D /* Debug */,
				6DE4DAE21F7BF9C400D46C6D /* Release */,
			);
			defaultConfigurationIsVisible = 0;
			defaultConfigurationName = Release;
		};
		6DE4DAE31F7BF9C400D46C6D /* Build configuration list for PBXNativeTarget "Gallery ChoiceTests" */ = {
			isa = XCConfigurationList;
			buildConfigurations = (
				6DE4DAE41F7BF9C400D46C6D /* Debug */,
				6DE4DAE51F7BF9C400D46C6D /* Release */,
			);
			defaultConfigurationIsVisible = 0;
			defaultConfigurationName = Release;
		};
		6DE4DAE61F7BF9C400D46C6D /* Build configuration list for PBXNativeTarget "Gallery ChoiceUITests" */ = {
			isa = XCConfigurationList;
			buildConfigurations = (
				6DE4DAE71F7BF9C400D46C6D /* Debug */,
				6DE4DAE81F7BF9C400D46C6D /* Release */,
			);
			defaultConfigurationIsVisible = 0;
			defaultConfigurationName = Release;
		};
/* End XCConfigurationList section */
	};
	rootObject = 6DE4DAB01F7BF9C400D46C6D /* Project object */;
}
